// !$*UTF8*$!
{
	archiveVersion = 1;
	classes = {
	};
	objectVersion = 55;
	objects = {

/* Begin PBXBuildFile section */
		18058A78292E1C0200EB41A9 /* AppDelegate.swift in Sources */ = {isa = PBXBuildFile; fileRef = 18058A77292E1C0200EB41A9 /* AppDelegate.swift */; };
		18058A7A292E1C0200EB41A9 /* SceneDelegate.swift in Sources */ = {isa = PBXBuildFile; fileRef = 18058A79292E1C0200EB41A9 /* SceneDelegate.swift */; };
		18058A7F292E1C0200EB41A9 /* Main.storyboard in Resources */ = {isa = PBXBuildFile; fileRef = 18058A7D292E1C0200EB41A9 /* Main.storyboard */; };
		18058A81292E1C0B00EB41A9 /* Assets.xcassets in Resources */ = {isa = PBXBuildFile; fileRef = 18058A80292E1C0B00EB41A9 /* Assets.xcassets */; };
		18058A84292E1C0B00EB41A9 /* LaunchScreen.storyboard in Resources */ = {isa = PBXBuildFile; fileRef = 18058A82292E1C0B00EB41A9 /* LaunchScreen.storyboard */; };
		18058A8F292E1C0C00EB41A9 /* MintynChallengeTests.swift in Sources */ = {isa = PBXBuildFile; fileRef = 18058A8E292E1C0C00EB41A9 /* MintynChallengeTests.swift */; };
		18058A99292E1C0C00EB41A9 /* MintynChallengeUITests.swift in Sources */ = {isa = PBXBuildFile; fileRef = 18058A98292E1C0C00EB41A9 /* MintynChallengeUITests.swift */; };
		18058A9B292E1C0C00EB41A9 /* MintynChallengeUITestsLaunchTests.swift in Sources */ = {isa = PBXBuildFile; fileRef = 18058A9A292E1C0C00EB41A9 /* MintynChallengeUITestsLaunchTests.swift */; };
		18058AAD292E1D0100EB41A9 /* SplashScreenViewController.swift in Sources */ = {isa = PBXBuildFile; fileRef = 18058AAC292E1D0100EB41A9 /* SplashScreenViewController.swift */; };
		18058AAF292E1D3C00EB41A9 /* ConstantElements.swift in Sources */ = {isa = PBXBuildFile; fileRef = 18058AAE292E1D3C00EB41A9 /* ConstantElements.swift */; };
		18058ABA292E1FF600EB41A9 /* Poppins-Bold.ttf in Resources */ = {isa = PBXBuildFile; fileRef = 18058AB7292E1FF600EB41A9 /* Poppins-Bold.ttf */; };
		18058ABB292E1FF600EB41A9 /* Poppins-Regular.ttf in Resources */ = {isa = PBXBuildFile; fileRef = 18058AB8292E1FF600EB41A9 /* Poppins-Regular.ttf */; };
		18058ABC292E1FF600EB41A9 /* Poppins-Light.ttf in Resources */ = {isa = PBXBuildFile; fileRef = 18058AB9292E1FF600EB41A9 /* Poppins-Light.ttf */; };
		18058ABE292E237400EB41A9 /* DMSerifDisplay-Regular.ttf in Resources */ = {isa = PBXBuildFile; fileRef = 18058ABD292E215B00EB41A9 /* DMSerifDisplay-Regular.ttf */; };
		18058AC0292E293E00EB41A9 /* Spectral-Medium.ttf in Resources */ = {isa = PBXBuildFile; fileRef = 18058ABF292E293E00EB41A9 /* Spectral-Medium.ttf */; };
		18058AC3292E2CB400EB41A9 /* Extensions.swift in Sources */ = {isa = PBXBuildFile; fileRef = 18058AC2292E2CB400EB41A9 /* Extensions.swift */; };
		18058AC6292E366E00EB41A9 /* LoginViewController.swift in Sources */ = {isa = PBXBuildFile; fileRef = 18058AC5292E366E00EB41A9 /* LoginViewController.swift */; };
		18058AC8292E372000EB41A9 /* LoginUI.swift in Sources */ = {isa = PBXBuildFile; fileRef = 18058AC7292E372000EB41A9 /* LoginUI.swift */; };
		18058ACC292EDD4C00EB41A9 /* CustomTabBarViewController.swift in Sources */ = {isa = PBXBuildFile; fileRef = 18058ACB292EDD4C00EB41A9 /* CustomTabBarViewController.swift */; };
		18058ACE292EE1C200EB41A9 /* LoginViewModel.swift in Sources */ = {isa = PBXBuildFile; fileRef = 18058ACD292EE1C200EB41A9 /* LoginViewModel.swift */; };
		18058AD0292EE1F100EB41A9 /* Observable.swift in Sources */ = {isa = PBXBuildFile; fileRef = 18058ACF292EE1F100EB41A9 /* Observable.swift */; };
		18058AD2292EE2B200EB41A9 /* Service.swift in Sources */ = {isa = PBXBuildFile; fileRef = 18058AD1292EE2B100EB41A9 /* Service.swift */; };
		18058AD6292EE57800EB41A9 /* HomeViewController.swift in Sources */ = {isa = PBXBuildFile; fileRef = 18058AD5292EE57800EB41A9 /* HomeViewController.swift */; };
		18058ADA292EE7AC00EB41A9 /* SettingsViewController.swift in Sources */ = {isa = PBXBuildFile; fileRef = 18058AD9292EE7AC00EB41A9 /* SettingsViewController.swift */; };
		18058ADC292EEAF800EB41A9 /* CustomTabBar.swift in Sources */ = {isa = PBXBuildFile; fileRef = 18058ADB292EEAF800EB41A9 /* CustomTabBar.swift */; };
		18058ADE292F9A6200EB41A9 /* homeUI.swift in Sources */ = {isa = PBXBuildFile; fileRef = 18058ADD292F9A6200EB41A9 /* homeUI.swift */; };
		1898300A2934107D00A49ECC /* CustomGradientLayer.swift in Sources */ = {isa = PBXBuildFile; fileRef = 189830092934107D00A49ECC /* CustomGradientLayer.swift */; };
		1898300C29349E4000A49ECC /* settingsUI.swift in Sources */ = {isa = PBXBuildFile; fileRef = 1898300B29349E4000A49ECC /* settingsUI.swift */; };
		1898300F2934C67400A49ECC /* CountryViewController.swift in Sources */ = {isa = PBXBuildFile; fileRef = 1898300E2934C67400A49ECC /* CountryViewController.swift */; };
		189830112934D5A400A49ECC /* Cache.swift in Sources */ = {isa = PBXBuildFile; fileRef = 189830102934D5A400A49ECC /* Cache.swift */; };
		189830142934E40300A49ECC /* SystemViewController.swift in Sources */ = {isa = PBXBuildFile; fileRef = 189830132934E40300A49ECC /* SystemViewController.swift */; };
		4437212A1427416797C166BD /* Pods_MintynChallenge.framework in Frameworks */ = {isa = PBXBuildFile; fileRef = 68C8B24EA22F355B6712CCE7 /* Pods_MintynChallenge.framework */; };
		55CAAA038F1EB92EE8A9AB97 /* Pods_MintynChallengeTests.framework in Frameworks */ = {isa = PBXBuildFile; fileRef = E850C80D216C67F658CA6F91 /* Pods_MintynChallengeTests.framework */; };
		7ED10290C93048C0111C3B6C /* Pods_MintynChallenge_MintynChallengeUITests.framework in Frameworks */ = {isa = PBXBuildFile; fileRef = D90B9C151D9F8F55C7E19794 /* Pods_MintynChallenge_MintynChallengeUITests.framework */; };
/* End PBXBuildFile section */

/* Begin PBXContainerItemProxy section */
		18058A8B292E1C0C00EB41A9 /* PBXContainerItemProxy */ = {
			isa = PBXContainerItemProxy;
			containerPortal = 18058A6C292E1C0100EB41A9 /* Project object */;
			proxyType = 1;
			remoteGlobalIDString = 18058A73292E1C0100EB41A9;
			remoteInfo = MintynChallenge;
		};
		18058A95292E1C0C00EB41A9 /* PBXContainerItemProxy */ = {
			isa = PBXContainerItemProxy;
			containerPortal = 18058A6C292E1C0100EB41A9 /* Project object */;
			proxyType = 1;
			remoteGlobalIDString = 18058A73292E1C0100EB41A9;
			remoteInfo = MintynChallenge;
		};
/* End PBXContainerItemProxy section */

/* Begin PBXFileReference section */
		18058A74292E1C0200EB41A9 /* MintynChallenge.app */ = {isa = PBXFileReference; explicitFileType = wrapper.application; includeInIndex = 0; path = MintynChallenge.app; sourceTree = BUILT_PRODUCTS_DIR; };
		18058A77292E1C0200EB41A9 /* AppDelegate.swift */ = {isa = PBXFileReference; lastKnownFileType = sourcecode.swift; path = AppDelegate.swift; sourceTree = "<group>"; };
		18058A79292E1C0200EB41A9 /* SceneDelegate.swift */ = {isa = PBXFileReference; lastKnownFileType = sourcecode.swift; path = SceneDelegate.swift; sourceTree = "<group>"; };
		18058A7E292E1C0200EB41A9 /* Base */ = {isa = PBXFileReference; lastKnownFileType = file.storyboard; name = Base; path = Base.lproj/Main.storyboard; sourceTree = "<group>"; };
		18058A80292E1C0B00EB41A9 /* Assets.xcassets */ = {isa = PBXFileReference; lastKnownFileType = folder.assetcatalog; path = Assets.xcassets; sourceTree = "<group>"; };
		18058A83292E1C0B00EB41A9 /* Base */ = {isa = PBXFileReference; lastKnownFileType = file.storyboard; name = Base; path = Base.lproj/LaunchScreen.storyboard; sourceTree = "<group>"; };
		18058A85292E1C0B00EB41A9 /* Info.plist */ = {isa = PBXFileReference; lastKnownFileType = text.plist.xml; path = Info.plist; sourceTree = "<group>"; };
		18058A8A292E1C0C00EB41A9 /* MintynChallengeTests.xctest */ = {isa = PBXFileReference; explicitFileType = wrapper.cfbundle; includeInIndex = 0; path = MintynChallengeTests.xctest; sourceTree = BUILT_PRODUCTS_DIR; };
		18058A8E292E1C0C00EB41A9 /* MintynChallengeTests.swift */ = {isa = PBXFileReference; lastKnownFileType = sourcecode.swift; path = MintynChallengeTests.swift; sourceTree = "<group>"; };
		18058A94292E1C0C00EB41A9 /* MintynChallengeUITests.xctest */ = {isa = PBXFileReference; explicitFileType = wrapper.cfbundle; includeInIndex = 0; path = MintynChallengeUITests.xctest; sourceTree = BUILT_PRODUCTS_DIR; };
		18058A98292E1C0C00EB41A9 /* MintynChallengeUITests.swift */ = {isa = PBXFileReference; lastKnownFileType = sourcecode.swift; path = MintynChallengeUITests.swift; sourceTree = "<group>"; };
		18058A9A292E1C0C00EB41A9 /* MintynChallengeUITestsLaunchTests.swift */ = {isa = PBXFileReference; lastKnownFileType = sourcecode.swift; path = MintynChallengeUITestsLaunchTests.swift; sourceTree = "<group>"; };
		18058AAC292E1D0100EB41A9 /* SplashScreenViewController.swift */ = {isa = PBXFileReference; lastKnownFileType = sourcecode.swift; path = SplashScreenViewController.swift; sourceTree = "<group>"; };
		18058AAE292E1D3C00EB41A9 /* ConstantElements.swift */ = {isa = PBXFileReference; lastKnownFileType = sourcecode.swift; path = ConstantElements.swift; sourceTree = "<group>"; };
		18058AB7292E1FF600EB41A9 /* Poppins-Bold.ttf */ = {isa = PBXFileReference; lastKnownFileType = file; path = "Poppins-Bold.ttf"; sourceTree = "<group>"; };
		18058AB8292E1FF600EB41A9 /* Poppins-Regular.ttf */ = {isa = PBXFileReference; lastKnownFileType = file; path = "Poppins-Regular.ttf"; sourceTree = "<group>"; };
		18058AB9292E1FF600EB41A9 /* Poppins-Light.ttf */ = {isa = PBXFileReference; lastKnownFileType = file; path = "Poppins-Light.ttf"; sourceTree = "<group>"; };
		18058ABD292E215B00EB41A9 /* DMSerifDisplay-Regular.ttf */ = {isa = PBXFileReference; lastKnownFileType = file; path = "DMSerifDisplay-Regular.ttf"; sourceTree = "<group>"; };
		18058ABF292E293E00EB41A9 /* Spectral-Medium.ttf */ = {isa = PBXFileReference; lastKnownFileType = file; path = "Spectral-Medium.ttf"; sourceTree = "<group>"; };
		18058AC2292E2CB400EB41A9 /* Extensions.swift */ = {isa = PBXFileReference; lastKnownFileType = sourcecode.swift; path = Extensions.swift; sourceTree = "<group>"; };
		18058AC5292E366E00EB41A9 /* LoginViewController.swift */ = {isa = PBXFileReference; lastKnownFileType = sourcecode.swift; path = LoginViewController.swift; sourceTree = "<group>"; };
		18058AC7292E372000EB41A9 /* LoginUI.swift */ = {isa = PBXFileReference; lastKnownFileType = sourcecode.swift; path = LoginUI.swift; sourceTree = "<group>"; };
		18058ACB292EDD4C00EB41A9 /* CustomTabBarViewController.swift */ = {isa = PBXFileReference; lastKnownFileType = sourcecode.swift; path = CustomTabBarViewController.swift; sourceTree = "<group>"; };
		18058ACD292EE1C200EB41A9 /* LoginViewModel.swift */ = {isa = PBXFileReference; lastKnownFileType = sourcecode.swift; path = LoginViewModel.swift; sourceTree = "<group>"; };
		18058ACF292EE1F100EB41A9 /* Observable.swift */ = {isa = PBXFileReference; lastKnownFileType = sourcecode.swift; path = Observable.swift; sourceTree = "<group>"; };
		18058AD1292EE2B100EB41A9 /* Service.swift */ = {isa = PBXFileReference; lastKnownFileType = sourcecode.swift; path = Service.swift; sourceTree = "<group>"; };
		18058AD5292EE57800EB41A9 /* HomeViewController.swift */ = {isa = PBXFileReference; lastKnownFileType = sourcecode.swift; path = HomeViewController.swift; sourceTree = "<group>"; };
		18058AD9292EE7AC00EB41A9 /* SettingsViewController.swift */ = {isa = PBXFileReference; lastKnownFileType = sourcecode.swift; path = SettingsViewController.swift; sourceTree = "<group>"; };
		18058ADB292EEAF800EB41A9 /* CustomTabBar.swift */ = {isa = PBXFileReference; lastKnownFileType = sourcecode.swift; path = CustomTabBar.swift; sourceTree = "<group>"; };
		18058ADD292F9A6200EB41A9 /* homeUI.swift */ = {isa = PBXFileReference; lastKnownFileType = sourcecode.swift; path = homeUI.swift; sourceTree = "<group>"; };
		189830092934107D00A49ECC /* CustomGradientLayer.swift */ = {isa = PBXFileReference; lastKnownFileType = sourcecode.swift; path = CustomGradientLayer.swift; sourceTree = "<group>"; };
		1898300B29349E4000A49ECC /* settingsUI.swift */ = {isa = PBXFileReference; lastKnownFileType = sourcecode.swift; path = settingsUI.swift; sourceTree = "<group>"; };
		1898300E2934C67400A49ECC /* CountryViewController.swift */ = {isa = PBXFileReference; lastKnownFileType = sourcecode.swift; path = CountryViewController.swift; sourceTree = "<group>"; };
		189830102934D5A400A49ECC /* Cache.swift */ = {isa = PBXFileReference; lastKnownFileType = sourcecode.swift; path = Cache.swift; sourceTree = "<group>"; };
		189830132934E40300A49ECC /* SystemViewController.swift */ = {isa = PBXFileReference; lastKnownFileType = sourcecode.swift; path = SystemViewController.swift; sourceTree = "<group>"; };
		25E29B3082E0C222CD49624C /* Pods-MintynChallenge.debug.xcconfig */ = {isa = PBXFileReference; includeInIndex = 1; lastKnownFileType = text.xcconfig; name = "Pods-MintynChallenge.debug.xcconfig"; path = "Target Support Files/Pods-MintynChallenge/Pods-MintynChallenge.debug.xcconfig"; sourceTree = "<group>"; };
		2C5A1FE4837F338C4843537D /* Pods-MintynChallengeTests.release.xcconfig */ = {isa = PBXFileReference; includeInIndex = 1; lastKnownFileType = text.xcconfig; name = "Pods-MintynChallengeTests.release.xcconfig"; path = "Target Support Files/Pods-MintynChallengeTests/Pods-MintynChallengeTests.release.xcconfig"; sourceTree = "<group>"; };
		3079BB8B0105089DD48F1FFF /* Pods-MintynChallengeTests.debug.xcconfig */ = {isa = PBXFileReference; includeInIndex = 1; lastKnownFileType = text.xcconfig; name = "Pods-MintynChallengeTests.debug.xcconfig"; path = "Target Support Files/Pods-MintynChallengeTests/Pods-MintynChallengeTests.debug.xcconfig"; sourceTree = "<group>"; };
		68C8B24EA22F355B6712CCE7 /* Pods_MintynChallenge.framework */ = {isa = PBXFileReference; explicitFileType = wrapper.framework; includeInIndex = 0; path = Pods_MintynChallenge.framework; sourceTree = BUILT_PRODUCTS_DIR; };
		7F8052388EFA4839E4005425 /* Pods-MintynChallenge.release.xcconfig */ = {isa = PBXFileReference; includeInIndex = 1; lastKnownFileType = text.xcconfig; name = "Pods-MintynChallenge.release.xcconfig"; path = "Target Support Files/Pods-MintynChallenge/Pods-MintynChallenge.release.xcconfig"; sourceTree = "<group>"; };
		D90B9C151D9F8F55C7E19794 /* Pods_MintynChallenge_MintynChallengeUITests.framework */ = {isa = PBXFileReference; explicitFileType = wrapper.framework; includeInIndex = 0; path = Pods_MintynChallenge_MintynChallengeUITests.framework; sourceTree = BUILT_PRODUCTS_DIR; };
		DFC54E70D75A6E2C5DF7AC4E /* Pods-MintynChallenge-MintynChallengeUITests.release.xcconfig */ = {isa = PBXFileReference; includeInIndex = 1; lastKnownFileType = text.xcconfig; name = "Pods-MintynChallenge-MintynChallengeUITests.release.xcconfig"; path = "Target Support Files/Pods-MintynChallenge-MintynChallengeUITests/Pods-MintynChallenge-MintynChallengeUITests.release.xcconfig"; sourceTree = "<group>"; };
		E850C80D216C67F658CA6F91 /* Pods_MintynChallengeTests.framework */ = {isa = PBXFileReference; explicitFileType = wrapper.framework; includeInIndex = 0; path = Pods_MintynChallengeTests.framework; sourceTree = BUILT_PRODUCTS_DIR; };
		F6A2BA1930EE9BD60E3BE3F3 /* Pods-MintynChallenge-MintynChallengeUITests.debug.xcconfig */ = {isa = PBXFileReference; includeInIndex = 1; lastKnownFileType = text.xcconfig; name = "Pods-MintynChallenge-MintynChallengeUITests.debug.xcconfig"; path = "Target Support Files/Pods-MintynChallenge-MintynChallengeUITests/Pods-MintynChallenge-MintynChallengeUITests.debug.xcconfig"; sourceTree = "<group>"; };
/* End PBXFileReference section */

/* Begin PBXFrameworksBuildPhase section */
		18058A71292E1C0100EB41A9 /* Frameworks */ = {
			isa = PBXFrameworksBuildPhase;
			buildActionMask = 2147483647;
			files = (
				4437212A1427416797C166BD /* Pods_MintynChallenge.framework in Frameworks */,
			);
			runOnlyForDeploymentPostprocessing = 0;
		};
		18058A87292E1C0C00EB41A9 /* Frameworks */ = {
			isa = PBXFrameworksBuildPhase;
			buildActionMask = 2147483647;
			files = (
				55CAAA038F1EB92EE8A9AB97 /* Pods_MintynChallengeTests.framework in Frameworks */,
			);
			runOnlyForDeploymentPostprocessing = 0;
		};
		18058A91292E1C0C00EB41A9 /* Frameworks */ = {
			isa = PBXFrameworksBuildPhase;
			buildActionMask = 2147483647;
			files = (
				7ED10290C93048C0111C3B6C /* Pods_MintynChallenge_MintynChallengeUITests.framework in Frameworks */,
			);
			runOnlyForDeploymentPostprocessing = 0;
		};
/* End PBXFrameworksBuildPhase section */

/* Begin PBXGroup section */
		18058A6B292E1C0100EB41A9 = {
			isa = PBXGroup;
			children = (
				18058A76292E1C0200EB41A9 /* MintynChallenge */,
				18058A8D292E1C0C00EB41A9 /* MintynChallengeTests */,
				18058A97292E1C0C00EB41A9 /* MintynChallengeUITests */,
				18058A75292E1C0200EB41A9 /* Products */,
				A512B969A1EB6E1A4A4BFBC6 /* Pods */,
				5E65D14609E0B50E7D43767A /* Frameworks */,
			);
			sourceTree = "<group>";
		};
		18058A75292E1C0200EB41A9 /* Products */ = {
			isa = PBXGroup;
			children = (
				18058A74292E1C0200EB41A9 /* MintynChallenge.app */,
				18058A8A292E1C0C00EB41A9 /* MintynChallengeTests.xctest */,
				18058A94292E1C0C00EB41A9 /* MintynChallengeUITests.xctest */,
			);
			name = Products;
			sourceTree = "<group>";
		};
		18058A76292E1C0200EB41A9 /* MintynChallenge */ = {
			isa = PBXGroup;
			children = (
				18058ACA292EDD2300EB41A9 /* CustomClasses */,
				18058AB6292E1FE900EB41A9 /* Fonts */,
				18058AAA292E1C8A00EB41A9 /* Helpers */,
				18058AA9292E1C8100EB41A9 /* Modules */,
				18058AA7292E1C6200EB41A9 /* Model */,
				18058A77292E1C0200EB41A9 /* AppDelegate.swift */,
				18058A79292E1C0200EB41A9 /* SceneDelegate.swift */,
				18058A7D292E1C0200EB41A9 /* Main.storyboard */,
				18058A80292E1C0B00EB41A9 /* Assets.xcassets */,
				18058A82292E1C0B00EB41A9 /* LaunchScreen.storyboard */,
				18058A85292E1C0B00EB41A9 /* Info.plist */,
			);
			path = MintynChallenge;
			sourceTree = "<group>";
		};
		18058A8D292E1C0C00EB41A9 /* MintynChallengeTests */ = {
			isa = PBXGroup;
			children = (
				18058A8E292E1C0C00EB41A9 /* MintynChallengeTests.swift */,
			);
			path = MintynChallengeTests;
			sourceTree = "<group>";
		};
		18058A97292E1C0C00EB41A9 /* MintynChallengeUITests */ = {
			isa = PBXGroup;
			children = (
				18058A98292E1C0C00EB41A9 /* MintynChallengeUITests.swift */,
				18058A9A292E1C0C00EB41A9 /* MintynChallengeUITestsLaunchTests.swift */,
			);
			path = MintynChallengeUITests;
			sourceTree = "<group>";
		};
		18058AA7292E1C6200EB41A9 /* Model */ = {
			isa = PBXGroup;
			children = (
			);
			path = Model;
			sourceTree = "<group>";
		};
		18058AA9292E1C8100EB41A9 /* Modules */ = {
			isa = PBXGroup;
			children = (
				189830122934E3E800A49ECC /* System */,
				1898300D2934C65100A49ECC /* CountryViewController */,
				18058AD7292EE79400EB41A9 /* Settings */,
				18058AD3292EE54F00EB41A9 /* Home */,
				18058AC4292E364E00EB41A9 /* Login */,
				18058AAB292E1CC700EB41A9 /* SplashScreen */,
			);
			path = Modules;
			sourceTree = "<group>";
		};
		18058AAA292E1C8A00EB41A9 /* Helpers */ = {
			isa = PBXGroup;
			children = (
				18058AAE292E1D3C00EB41A9 /* ConstantElements.swift */,
				18058AC2292E2CB400EB41A9 /* Extensions.swift */,
				18058ACF292EE1F100EB41A9 /* Observable.swift */,
				18058AD1292EE2B100EB41A9 /* Service.swift */,
				189830102934D5A400A49ECC /* Cache.swift */,
			);
			path = Helpers;
			sourceTree = "<group>";
		};
		18058AAB292E1CC700EB41A9 /* SplashScreen */ = {
			isa = PBXGroup;
			children = (
				18058AAC292E1D0100EB41A9 /* SplashScreenViewController.swift */,
			);
			path = SplashScreen;
			sourceTree = "<group>";
		};
		18058AB6292E1FE900EB41A9 /* Fonts */ = {
			isa = PBXGroup;
			children = (
				18058ABF292E293E00EB41A9 /* Spectral-Medium.ttf */,
				18058ABD292E215B00EB41A9 /* DMSerifDisplay-Regular.ttf */,
				18058AB7292E1FF600EB41A9 /* Poppins-Bold.ttf */,
				18058AB9292E1FF600EB41A9 /* Poppins-Light.ttf */,
				18058AB8292E1FF600EB41A9 /* Poppins-Regular.ttf */,
			);
			path = Fonts;
			sourceTree = "<group>";
		};
		18058AC4292E364E00EB41A9 /* Login */ = {
			isa = PBXGroup;
			children = (
				18058AC9292E37BD00EB41A9 /* Views */,
				18058ACD292EE1C200EB41A9 /* LoginViewModel.swift */,
			);
			path = Login;
			sourceTree = "<group>";
		};
		18058AC9292E37BD00EB41A9 /* Views */ = {
			isa = PBXGroup;
			children = (
				18058AC7292E372000EB41A9 /* LoginUI.swift */,
				18058AC5292E366E00EB41A9 /* LoginViewController.swift */,
			);
			path = Views;
			sourceTree = "<group>";
		};
		18058ACA292EDD2300EB41A9 /* CustomClasses */ = {
			isa = PBXGroup;
			children = (
				18058ACB292EDD4C00EB41A9 /* CustomTabBarViewController.swift */,
				18058ADB292EEAF800EB41A9 /* CustomTabBar.swift */,
				189830092934107D00A49ECC /* CustomGradientLayer.swift */,
			);
			path = CustomClasses;
			sourceTree = "<group>";
		};
		18058AD3292EE54F00EB41A9 /* Home */ = {
			isa = PBXGroup;
			children = (
				18058AD4292EE55C00EB41A9 /* Views */,
			);
			path = Home;
			sourceTree = "<group>";
		};
		18058AD4292EE55C00EB41A9 /* Views */ = {
			isa = PBXGroup;
			children = (
				18058AD5292EE57800EB41A9 /* HomeViewController.swift */,
				18058ADD292F9A6200EB41A9 /* homeUI.swift */,
			);
			path = Views;
			sourceTree = "<group>";
		};
		18058AD7292EE79400EB41A9 /* Settings */ = {
			isa = PBXGroup;
			children = (
				18058AD8292EE79C00EB41A9 /* Views */,
			);
			path = Settings;
			sourceTree = "<group>";
		};
		18058AD8292EE79C00EB41A9 /* Views */ = {
			isa = PBXGroup;
			children = (
				18058AD9292EE7AC00EB41A9 /* SettingsViewController.swift */,
				1898300B29349E4000A49ECC /* settingsUI.swift */,
			);
			path = Views;
			sourceTree = "<group>";
		};
		1898300D2934C65100A49ECC /* CountryViewController */ = {
			isa = PBXGroup;
			children = (
				1898300E2934C67400A49ECC /* CountryViewController.swift */,
			);
			path = CountryViewController;
			sourceTree = "<group>";
		};
		189830122934E3E800A49ECC /* System */ = {
			isa = PBXGroup;
			children = (
				189830132934E40300A49ECC /* SystemViewController.swift */,
			);
			path = System;
			sourceTree = "<group>";
		};
		5E65D14609E0B50E7D43767A /* Frameworks */ = {
			isa = PBXGroup;
			children = (
				68C8B24EA22F355B6712CCE7 /* Pods_MintynChallenge.framework */,
				D90B9C151D9F8F55C7E19794 /* Pods_MintynChallenge_MintynChallengeUITests.framework */,
				E850C80D216C67F658CA6F91 /* Pods_MintynChallengeTests.framework */,
			);
			name = Frameworks;
			sourceTree = "<group>";
		};
		A512B969A1EB6E1A4A4BFBC6 /* Pods */ = {
			isa = PBXGroup;
			children = (
				25E29B3082E0C222CD49624C /* Pods-MintynChallenge.debug.xcconfig */,
				7F8052388EFA4839E4005425 /* Pods-MintynChallenge.release.xcconfig */,
				F6A2BA1930EE9BD60E3BE3F3 /* Pods-MintynChallenge-MintynChallengeUITests.debug.xcconfig */,
				DFC54E70D75A6E2C5DF7AC4E /* Pods-MintynChallenge-MintynChallengeUITests.release.xcconfig */,
				3079BB8B0105089DD48F1FFF /* Pods-MintynChallengeTests.debug.xcconfig */,
				2C5A1FE4837F338C4843537D /* Pods-MintynChallengeTests.release.xcconfig */,
			);
			path = Pods;
			sourceTree = "<group>";
		};
/* End PBXGroup section */

/* Begin PBXNativeTarget section */
		18058A73292E1C0100EB41A9 /* MintynChallenge */ = {
			isa = PBXNativeTarget;
			buildConfigurationList = 18058A9E292E1C0C00EB41A9 /* Build configuration list for PBXNativeTarget "MintynChallenge" */;
			buildPhases = (
				8A79F186E60C90BC29C6DD77 /* [CP] Check Pods Manifest.lock */,
				18058A70292E1C0100EB41A9 /* Sources */,
				18058A71292E1C0100EB41A9 /* Frameworks */,
				18058A72292E1C0100EB41A9 /* Resources */,
				761E1F89E7EE0E4FB285E5D8 /* [CP] Embed Pods Frameworks */,
			);
			buildRules = (
			);
			dependencies = (
			);
			name = MintynChallenge;
			productName = MintynChallenge;
			productReference = 18058A74292E1C0200EB41A9 /* MintynChallenge.app */;
			productType = "com.apple.product-type.application";
		};
		18058A89292E1C0C00EB41A9 /* MintynChallengeTests */ = {
			isa = PBXNativeTarget;
			buildConfigurationList = 18058AA1292E1C0C00EB41A9 /* Build configuration list for PBXNativeTarget "MintynChallengeTests" */;
			buildPhases = (
				1CDC93C583E7FF5828D24840 /* [CP] Check Pods Manifest.lock */,
				18058A86292E1C0C00EB41A9 /* Sources */,
				18058A87292E1C0C00EB41A9 /* Frameworks */,
				18058A88292E1C0C00EB41A9 /* Resources */,
			);
			buildRules = (
			);
			dependencies = (
				18058A8C292E1C0C00EB41A9 /* PBXTargetDependency */,
			);
			name = MintynChallengeTests;
			productName = MintynChallengeTests;
			productReference = 18058A8A292E1C0C00EB41A9 /* MintynChallengeTests.xctest */;
			productType = "com.apple.product-type.bundle.unit-test";
		};
		18058A93292E1C0C00EB41A9 /* MintynChallengeUITests */ = {
			isa = PBXNativeTarget;
			buildConfigurationList = 18058AA4292E1C0C00EB41A9 /* Build configuration list for PBXNativeTarget "MintynChallengeUITests" */;
			buildPhases = (
				70208712B33620DCA463ECFA /* [CP] Check Pods Manifest.lock */,
				18058A90292E1C0C00EB41A9 /* Sources */,
				18058A91292E1C0C00EB41A9 /* Frameworks */,
				18058A92292E1C0C00EB41A9 /* Resources */,
				BB5B1BA446BC0CA85793CF19 /* [CP] Embed Pods Frameworks */,
			);
			buildRules = (
			);
			dependencies = (
				18058A96292E1C0C00EB41A9 /* PBXTargetDependency */,
			);
			name = MintynChallengeUITests;
			productName = MintynChallengeUITests;
			productReference = 18058A94292E1C0C00EB41A9 /* MintynChallengeUITests.xctest */;
			productType = "com.apple.product-type.bundle.ui-testing";
		};
/* End PBXNativeTarget section */

/* Begin PBXProject section */
		18058A6C292E1C0100EB41A9 /* Project object */ = {
			isa = PBXProject;
			attributes = {
				BuildIndependentTargetsInParallel = 1;
				LastSwiftUpdateCheck = 1320;
				LastUpgradeCheck = 1320;
				TargetAttributes = {
					18058A73292E1C0100EB41A9 = {
						CreatedOnToolsVersion = 13.2.1;
					};
					18058A89292E1C0C00EB41A9 = {
						CreatedOnToolsVersion = 13.2.1;
						TestTargetID = 18058A73292E1C0100EB41A9;
					};
					18058A93292E1C0C00EB41A9 = {
						CreatedOnToolsVersion = 13.2.1;
						TestTargetID = 18058A73292E1C0100EB41A9;
					};
				};
			};
			buildConfigurationList = 18058A6F292E1C0100EB41A9 /* Build configuration list for PBXProject "MintynChallenge" */;
			compatibilityVersion = "Xcode 13.0";
			developmentRegion = en;
			hasScannedForEncodings = 0;
			knownRegions = (
				en,
				Base,
			);
			mainGroup = 18058A6B292E1C0100EB41A9;
			productRefGroup = 18058A75292E1C0200EB41A9 /* Products */;
			projectDirPath = "";
			projectRoot = "";
			targets = (
				18058A73292E1C0100EB41A9 /* MintynChallenge */,
				18058A89292E1C0C00EB41A9 /* MintynChallengeTests */,
				18058A93292E1C0C00EB41A9 /* MintynChallengeUITests */,
			);
		};
/* End PBXProject section */

/* Begin PBXResourcesBuildPhase section */
		18058A72292E1C0100EB41A9 /* Resources */ = {
			isa = PBXResourcesBuildPhase;
			buildActionMask = 2147483647;
			files = (
				18058A84292E1C0B00EB41A9 /* LaunchScreen.storyboard in Resources */,
				18058ABC292E1FF600EB41A9 /* Poppins-Light.ttf in Resources */,
				18058A81292E1C0B00EB41A9 /* Assets.xcassets in Resources */,
				18058AC0292E293E00EB41A9 /* Spectral-Medium.ttf in Resources */,
				18058A7F292E1C0200EB41A9 /* Main.storyboard in Resources */,
				18058ABA292E1FF600EB41A9 /* Poppins-Bold.ttf in Resources */,
				18058ABE292E237400EB41A9 /* DMSerifDisplay-Regular.ttf in Resources */,
				18058ABB292E1FF600EB41A9 /* Poppins-Regular.ttf in Resources */,
			);
			runOnlyForDeploymentPostprocessing = 0;
		};
		18058A88292E1C0C00EB41A9 /* Resources */ = {
			isa = PBXResourcesBuildPhase;
			buildActionMask = 2147483647;
			files = (
			);
			runOnlyForDeploymentPostprocessing = 0;
		};
		18058A92292E1C0C00EB41A9 /* Resources */ = {
			isa = PBXResourcesBuildPhase;
			buildActionMask = 2147483647;
			files = (
			);
			runOnlyForDeploymentPostprocessing = 0;
		};
/* End PBXResourcesBuildPhase section */

/* Begin PBXShellScriptBuildPhase section */
		1CDC93C583E7FF5828D24840 /* [CP] Check Pods Manifest.lock */ = {
			isa = PBXShellScriptBuildPhase;
			buildActionMask = 2147483647;
			files = (
			);
			inputFileListPaths = (
			);
			inputPaths = (
				"${PODS_PODFILE_DIR_PATH}/Podfile.lock",
				"${PODS_ROOT}/Manifest.lock",
			);
			name = "[CP] Check Pods Manifest.lock";
			outputFileListPaths = (
			);
			outputPaths = (
				"$(DERIVED_FILE_DIR)/Pods-MintynChallengeTests-checkManifestLockResult.txt",
			);
			runOnlyForDeploymentPostprocessing = 0;
			shellPath = /bin/sh;
			shellScript = "diff \"${PODS_PODFILE_DIR_PATH}/Podfile.lock\" \"${PODS_ROOT}/Manifest.lock\" > /dev/null\nif [ $? != 0 ] ; then\n    # print error to STDERR\n    echo \"error: The sandbox is not in sync with the Podfile.lock. Run 'pod install' or update your CocoaPods installation.\" >&2\n    exit 1\nfi\n# This output is used by Xcode 'outputs' to avoid re-running this script phase.\necho \"SUCCESS\" > \"${SCRIPT_OUTPUT_FILE_0}\"\n";
			showEnvVarsInLog = 0;
		};
		70208712B33620DCA463ECFA /* [CP] Check Pods Manifest.lock */ = {
			isa = PBXShellScriptBuildPhase;
			buildActionMask = 2147483647;
			files = (
			);
			inputFileListPaths = (
			);
			inputPaths = (
				"${PODS_PODFILE_DIR_PATH}/Podfile.lock",
				"${PODS_ROOT}/Manifest.lock",
			);
			name = "[CP] Check Pods Manifest.lock";
			outputFileListPaths = (
			);
			outputPaths = (
				"$(DERIVED_FILE_DIR)/Pods-MintynChallenge-MintynChallengeUITests-checkManifestLockResult.txt",
			);
			runOnlyForDeploymentPostprocessing = 0;
			shellPath = /bin/sh;
			shellScript = "diff \"${PODS_PODFILE_DIR_PATH}/Podfile.lock\" \"${PODS_ROOT}/Manifest.lock\" > /dev/null\nif [ $? != 0 ] ; then\n    # print error to STDERR\n    echo \"error: The sandbox is not in sync with the Podfile.lock. Run 'pod install' or update your CocoaPods installation.\" >&2\n    exit 1\nfi\n# This output is used by Xcode 'outputs' to avoid re-running this script phase.\necho \"SUCCESS\" > \"${SCRIPT_OUTPUT_FILE_0}\"\n";
			showEnvVarsInLog = 0;
		};
		761E1F89E7EE0E4FB285E5D8 /* [CP] Embed Pods Frameworks */ = {
			isa = PBXShellScriptBuildPhase;
			buildActionMask = 2147483647;
			files = (
			);
			inputFileListPaths = (
				"${PODS_ROOT}/Target Support Files/Pods-MintynChallenge/Pods-MintynChallenge-frameworks-${CONFIGURATION}-input-files.xcfilelist",
			);
			name = "[CP] Embed Pods Frameworks";
			outputFileListPaths = (
				"${PODS_ROOT}/Target Support Files/Pods-MintynChallenge/Pods-MintynChallenge-frameworks-${CONFIGURATION}-output-files.xcfilelist",
			);
			runOnlyForDeploymentPostprocessing = 0;
			shellPath = /bin/sh;
			shellScript = "\"${PODS_ROOT}/Target Support Files/Pods-MintynChallenge/Pods-MintynChallenge-frameworks.sh\"\n";
			showEnvVarsInLog = 0;
		};
		8A79F186E60C90BC29C6DD77 /* [CP] Check Pods Manifest.lock */ = {
			isa = PBXShellScriptBuildPhase;
			buildActionMask = 2147483647;
			files = (
			);
			inputFileListPaths = (
			);
			inputPaths = (
				"${PODS_PODFILE_DIR_PATH}/Podfile.lock",
				"${PODS_ROOT}/Manifest.lock",
			);
			name = "[CP] Check Pods Manifest.lock";
			outputFileListPaths = (
			);
			outputPaths = (
				"$(DERIVED_FILE_DIR)/Pods-MintynChallenge-checkManifestLockResult.txt",
			);
			runOnlyForDeploymentPostprocessing = 0;
			shellPath = /bin/sh;
			shellScript = "diff \"${PODS_PODFILE_DIR_PATH}/Podfile.lock\" \"${PODS_ROOT}/Manifest.lock\" > /dev/null\nif [ $? != 0 ] ; then\n    # print error to STDERR\n    echo \"error: The sandbox is not in sync with the Podfile.lock. Run 'pod install' or update your CocoaPods installation.\" >&2\n    exit 1\nfi\n# This output is used by Xcode 'outputs' to avoid re-running this script phase.\necho \"SUCCESS\" > \"${SCRIPT_OUTPUT_FILE_0}\"\n";
			showEnvVarsInLog = 0;
		};
		BB5B1BA446BC0CA85793CF19 /* [CP] Embed Pods Frameworks */ = {
			isa = PBXShellScriptBuildPhase;
			buildActionMask = 2147483647;
			files = (
			);
			inputFileListPaths = (
				"${PODS_ROOT}/Target Support Files/Pods-MintynChallenge-MintynChallengeUITests/Pods-MintynChallenge-MintynChallengeUITests-frameworks-${CONFIGURATION}-input-files.xcfilelist",
			);
			name = "[CP] Embed Pods Frameworks";
			outputFileListPaths = (
				"${PODS_ROOT}/Target Support Files/Pods-MintynChallenge-MintynChallengeUITests/Pods-MintynChallenge-MintynChallengeUITests-frameworks-${CONFIGURATION}-output-files.xcfilelist",
			);
			runOnlyForDeploymentPostprocessing = 0;
			shellPath = /bin/sh;
			shellScript = "\"${PODS_ROOT}/Target Support Files/Pods-MintynChallenge-MintynChallengeUITests/Pods-MintynChallenge-MintynChallengeUITests-frameworks.sh\"\n";
			showEnvVarsInLog = 0;
		};
/* End PBXShellScriptBuildPhase section */

/* Begin PBXSourcesBuildPhase section */
		18058A70292E1C0100EB41A9 /* Sources */ = {
			isa = PBXSourcesBuildPhase;
			buildActionMask = 2147483647;
			files = (
				18058AC6292E366E00EB41A9 /* LoginViewController.swift in Sources */,
				18058AC8292E372000EB41A9 /* LoginUI.swift in Sources */,
				18058ADC292EEAF800EB41A9 /* CustomTabBar.swift in Sources */,
				18058ACC292EDD4C00EB41A9 /* CustomTabBarViewController.swift in Sources */,
				18058AC3292E2CB400EB41A9 /* Extensions.swift in Sources */,
				18058A78292E1C0200EB41A9 /* AppDelegate.swift in Sources */,
				18058A7A292E1C0200EB41A9 /* SceneDelegate.swift in Sources */,
				18058ADE292F9A6200EB41A9 /* homeUI.swift in Sources */,
				18058AD0292EE1F100EB41A9 /* Observable.swift in Sources */,
				1898300F2934C67400A49ECC /* CountryViewController.swift in Sources */,
				18058AAD292E1D0100EB41A9 /* SplashScreenViewController.swift in Sources */,
				189830112934D5A400A49ECC /* Cache.swift in Sources */,
				1898300A2934107D00A49ECC /* CustomGradientLayer.swift in Sources */,
				18058AD2292EE2B200EB41A9 /* Service.swift in Sources */,
				1898300C29349E4000A49ECC /* settingsUI.swift in Sources */,
				18058AAF292E1D3C00EB41A9 /* ConstantElements.swift in Sources */,
				18058ADA292EE7AC00EB41A9 /* SettingsViewController.swift in Sources */,
				189830142934E40300A49ECC /* SystemViewController.swift in Sources */,
				18058ACE292EE1C200EB41A9 /* LoginViewModel.swift in Sources */,
				18058AD6292EE57800EB41A9 /* HomeViewController.swift in Sources */,
			);
			runOnlyForDeploymentPostprocessing = 0;
		};
		18058A86292E1C0C00EB41A9 /* Sources */ = {
			isa = PBXSourcesBuildPhase;
			buildActionMask = 2147483647;
			files = (
				18058A8F292E1C0C00EB41A9 /* MintynChallengeTests.swift in Sources */,
			);
			runOnlyForDeploymentPostprocessing = 0;
		};
		18058A90292E1C0C00EB41A9 /* Sources */ = {
			isa = PBXSourcesBuildPhase;
			buildActionMask = 2147483647;
			files = (
				18058A99292E1C0C00EB41A9 /* MintynChallengeUITests.swift in Sources */,
				18058A9B292E1C0C00EB41A9 /* MintynChallengeUITestsLaunchTests.swift in Sources */,
			);
			runOnlyForDeploymentPostprocessing = 0;
		};
/* End PBXSourcesBuildPhase section */

/* Begin PBXTargetDependency section */
		18058A8C292E1C0C00EB41A9 /* PBXTargetDependency */ = {
			isa = PBXTargetDependency;
			target = 18058A73292E1C0100EB41A9 /* MintynChallenge */;
			targetProxy = 18058A8B292E1C0C00EB41A9 /* PBXContainerItemProxy */;
		};
		18058A96292E1C0C00EB41A9 /* PBXTargetDependency */ = {
			isa = PBXTargetDependency;
			target = 18058A73292E1C0100EB41A9 /* MintynChallenge */;
			targetProxy = 18058A95292E1C0C00EB41A9 /* PBXContainerItemProxy */;
		};
/* End PBXTargetDependency section */

/* Begin PBXVariantGroup section */
		18058A7D292E1C0200EB41A9 /* Main.storyboard */ = {
			isa = PBXVariantGroup;
			children = (
				18058A7E292E1C0200EB41A9 /* Base */,
			);
			name = Main.storyboard;
			sourceTree = "<group>";
		};
		18058A82292E1C0B00EB41A9 /* LaunchScreen.storyboard */ = {
			isa = PBXVariantGroup;
			children = (
				18058A83292E1C0B00EB41A9 /* Base */,
			);
			name = LaunchScreen.storyboard;
			sourceTree = "<group>";
		};
/* End PBXVariantGroup section */

/* Begin XCBuildConfiguration section */
		18058A9C292E1C0C00EB41A9 /* Debug */ = {
			isa = XCBuildConfiguration;
			buildSettings = {
				ALWAYS_SEARCH_USER_PATHS = NO;
				CLANG_ANALYZER_NONNULL = YES;
				CLANG_ANALYZER_NUMBER_OBJECT_CONVERSION = YES_AGGRESSIVE;
				CLANG_CXX_LANGUAGE_STANDARD = "gnu++17";
				CLANG_CXX_LIBRARY = "libc++";
				CLANG_ENABLE_MODULES = YES;
				CLANG_ENABLE_OBJC_ARC = YES;
				CLANG_ENABLE_OBJC_WEAK = YES;
				CLANG_WARN_BLOCK_CAPTURE_AUTORELEASING = YES;
				CLANG_WARN_BOOL_CONVERSION = YES;
				CLANG_WARN_COMMA = YES;
				CLANG_WARN_CONSTANT_CONVERSION = YES;
				CLANG_WARN_DEPRECATED_OBJC_IMPLEMENTATIONS = YES;
				CLANG_WARN_DIRECT_OBJC_ISA_USAGE = YES_ERROR;
				CLANG_WARN_DOCUMENTATION_COMMENTS = YES;
				CLANG_WARN_EMPTY_BODY = YES;
				CLANG_WARN_ENUM_CONVERSION = YES;
				CLANG_WARN_INFINITE_RECURSION = YES;
				CLANG_WARN_INT_CONVERSION = YES;
				CLANG_WARN_NON_LITERAL_NULL_CONVERSION = YES;
				CLANG_WARN_OBJC_IMPLICIT_RETAIN_SELF = YES;
				CLANG_WARN_OBJC_LITERAL_CONVERSION = YES;
				CLANG_WARN_OBJC_ROOT_CLASS = YES_ERROR;
				CLANG_WARN_QUOTED_INCLUDE_IN_FRAMEWORK_HEADER = YES;
				CLANG_WARN_RANGE_LOOP_ANALYSIS = YES;
				CLANG_WARN_STRICT_PROTOTYPES = YES;
				CLANG_WARN_SUSPICIOUS_MOVE = YES;
				CLANG_WARN_UNGUARDED_AVAILABILITY = YES_AGGRESSIVE;
				CLANG_WARN_UNREACHABLE_CODE = YES;
				CLANG_WARN__DUPLICATE_METHOD_MATCH = YES;
				COPY_PHASE_STRIP = NO;
				DEBUG_INFORMATION_FORMAT = dwarf;
				ENABLE_STRICT_OBJC_MSGSEND = YES;
				ENABLE_TESTABILITY = YES;
				GCC_C_LANGUAGE_STANDARD = gnu11;
				GCC_DYNAMIC_NO_PIC = NO;
				GCC_NO_COMMON_BLOCKS = YES;
				GCC_OPTIMIZATION_LEVEL = 0;
				GCC_PREPROCESSOR_DEFINITIONS = (
					"DEBUG=1",
					"$(inherited)",
				);
				GCC_WARN_64_TO_32_BIT_CONVERSION = YES;
				GCC_WARN_ABOUT_RETURN_TYPE = YES_ERROR;
				GCC_WARN_UNDECLARED_SELECTOR = YES;
				GCC_WARN_UNINITIALIZED_AUTOS = YES_AGGRESSIVE;
				GCC_WARN_UNUSED_FUNCTION = YES;
				GCC_WARN_UNUSED_VARIABLE = YES;
				IPHONEOS_DEPLOYMENT_TARGET = 15.2;
				MTL_ENABLE_DEBUG_INFO = INCLUDE_SOURCE;
				MTL_FAST_MATH = YES;
				ONLY_ACTIVE_ARCH = YES;
				SDKROOT = iphoneos;
				SWIFT_ACTIVE_COMPILATION_CONDITIONS = DEBUG;
				SWIFT_OPTIMIZATION_LEVEL = "-Onone";
			};
			name = Debug;
		};
		18058A9D292E1C0C00EB41A9 /* Release */ = {
			isa = XCBuildConfiguration;
			buildSettings = {
				ALWAYS_SEARCH_USER_PATHS = NO;
				CLANG_ANALYZER_NONNULL = YES;
				CLANG_ANALYZER_NUMBER_OBJECT_CONVERSION = YES_AGGRESSIVE;
				CLANG_CXX_LANGUAGE_STANDARD = "gnu++17";
				CLANG_CXX_LIBRARY = "libc++";
				CLANG_ENABLE_MODULES = YES;
				CLANG_ENABLE_OBJC_ARC = YES;
				CLANG_ENABLE_OBJC_WEAK = YES;
				CLANG_WARN_BLOCK_CAPTURE_AUTORELEASING = YES;
				CLANG_WARN_BOOL_CONVERSION = YES;
				CLANG_WARN_COMMA = YES;
				CLANG_WARN_CONSTANT_CONVERSION = YES;
				CLANG_WARN_DEPRECATED_OBJC_IMPLEMENTATIONS = YES;
				CLANG_WARN_DIRECT_OBJC_ISA_USAGE = YES_ERROR;
				CLANG_WARN_DOCUMENTATION_COMMENTS = YES;
				CLANG_WARN_EMPTY_BODY = YES;
				CLANG_WARN_ENUM_CONVERSION = YES;
				CLANG_WARN_INFINITE_RECURSION = YES;
				CLANG_WARN_INT_CONVERSION = YES;
				CLANG_WARN_NON_LITERAL_NULL_CONVERSION = YES;
				CLANG_WARN_OBJC_IMPLICIT_RETAIN_SELF = YES;
				CLANG_WARN_OBJC_LITERAL_CONVERSION = YES;
				CLANG_WARN_OBJC_ROOT_CLASS = YES_ERROR;
				CLANG_WARN_QUOTED_INCLUDE_IN_FRAMEWORK_HEADER = YES;
				CLANG_WARN_RANGE_LOOP_ANALYSIS = YES;
				CLANG_WARN_STRICT_PROTOTYPES = YES;
				CLANG_WARN_SUSPICIOUS_MOVE = YES;
				CLANG_WARN_UNGUARDED_AVAILABILITY = YES_AGGRESSIVE;
				CLANG_WARN_UNREACHABLE_CODE = YES;
				CLANG_WARN__DUPLICATE_METHOD_MATCH = YES;
				COPY_PHASE_STRIP = NO;
				DEBUG_INFORMATION_FORMAT = "dwarf-with-dsym";
				ENABLE_NS_ASSERTIONS = NO;
				ENABLE_STRICT_OBJC_MSGSEND = YES;
				GCC_C_LANGUAGE_STANDARD = gnu11;
				GCC_NO_COMMON_BLOCKS = YES;
				GCC_WARN_64_TO_32_BIT_CONVERSION = YES;
				GCC_WARN_ABOUT_RETURN_TYPE = YES_ERROR;
				GCC_WARN_UNDECLARED_SELECTOR = YES;
				GCC_WARN_UNINITIALIZED_AUTOS = YES_AGGRESSIVE;
				GCC_WARN_UNUSED_FUNCTION = YES;
				GCC_WARN_UNUSED_VARIABLE = YES;
				IPHONEOS_DEPLOYMENT_TARGET = 15.2;
				MTL_ENABLE_DEBUG_INFO = NO;
				MTL_FAST_MATH = YES;
				SDKROOT = iphoneos;
				SWIFT_COMPILATION_MODE = wholemodule;
				SWIFT_OPTIMIZATION_LEVEL = "-O";
				VALIDATE_PRODUCT = YES;
			};
			name = Release;
		};
		18058A9F292E1C0C00EB41A9 /* Debug */ = {
			isa = XCBuildConfiguration;
			baseConfigurationReference = 25E29B3082E0C222CD49624C /* Pods-MintynChallenge.debug.xcconfig */;
			buildSettings = {
				ASSETCATALOG_COMPILER_APPICON_NAME = AppIcon;
				ASSETCATALOG_COMPILER_GLOBAL_ACCENT_COLOR_NAME = AccentColor;
				CODE_SIGN_STYLE = Automatic;
				CURRENT_PROJECT_VERSION = 1;
				DEVELOPMENT_TEAM = 77U4YHAY6F;
				GENERATE_INFOPLIST_FILE = YES;
				INFOPLIST_FILE = MintynChallenge/Info.plist;
				INFOPLIST_KEY_UIApplicationSupportsIndirectInputEvents = YES;
				INFOPLIST_KEY_UILaunchStoryboardName = LaunchScreen;
				INFOPLIST_KEY_UIMainStoryboardFile = Main;
				INFOPLIST_KEY_UISupportedInterfaceOrientations = UIInterfaceOrientationPortrait;
				INFOPLIST_KEY_UISupportedInterfaceOrientations_iPad = "UIInterfaceOrientationPortrait UIInterfaceOrientationPortraitUpsideDown UIInterfaceOrientationLandscapeLeft UIInterfaceOrientationLandscapeRight";
				INFOPLIST_KEY_UISupportedInterfaceOrientations_iPhone = "UIInterfaceOrientationPortrait UIInterfaceOrientationLandscapeLeft UIInterfaceOrientationLandscapeRight";
				LD_RUNPATH_SEARCH_PATHS = (
					"$(inherited)",
					"@executable_path/Frameworks",
				);
				MARKETING_VERSION = 1.0;
				PRODUCT_BUNDLE_IDENTIFIER = com.Mintyn.MintynChallenge;
				PRODUCT_NAME = "$(TARGET_NAME)";
				SWIFT_EMIT_LOC_STRINGS = YES;
				SWIFT_VERSION = 5.0;
				TARGETED_DEVICE_FAMILY = "1,2";
			};
			name = Debug;
		};
		18058AA0292E1C0C00EB41A9 /* Release */ = {
			isa = XCBuildConfiguration;
			baseConfigurationReference = 7F8052388EFA4839E4005425 /* Pods-MintynChallenge.release.xcconfig */;
			buildSettings = {
				ASSETCATALOG_COMPILER_APPICON_NAME = AppIcon;
				ASSETCATALOG_COMPILER_GLOBAL_ACCENT_COLOR_NAME = AccentColor;
				CODE_SIGN_STYLE = Automatic;
				CURRENT_PROJECT_VERSION = 1;
				DEVELOPMENT_TEAM = 77U4YHAY6F;
				GENERATE_INFOPLIST_FILE = YES;
				INFOPLIST_FILE = MintynChallenge/Info.plist;
				INFOPLIST_KEY_UIApplicationSupportsIndirectInputEvents = YES;
				INFOPLIST_KEY_UILaunchStoryboardName = LaunchScreen;
				INFOPLIST_KEY_UIMainStoryboardFile = Main;
				INFOPLIST_KEY_UISupportedInterfaceOrientations = UIInterfaceOrientationPortrait;
				INFOPLIST_KEY_UISupportedInterfaceOrientations_iPad = "UIInterfaceOrientationPortrait UIInterfaceOrientationPortraitUpsideDown UIInterfaceOrientationLandscapeLeft UIInterfaceOrientationLandscapeRight";
				INFOPLIST_KEY_UISupportedInterfaceOrientations_iPhone = "UIInterfaceOrientationPortrait UIInterfaceOrientationLandscapeLeft UIInterfaceOrientationLandscapeRight";
				LD_RUNPATH_SEARCH_PATHS = (
					"$(inherited)",
					"@executable_path/Frameworks",
				);
				MARKETING_VERSION = 1.0;
				PRODUCT_BUNDLE_IDENTIFIER = com.Mintyn.MintynChallenge;
				PRODUCT_NAME = "$(TARGET_NAME)";
				SWIFT_EMIT_LOC_STRINGS = YES;
				SWIFT_VERSION = 5.0;
				TARGETED_DEVICE_FAMILY = "1,2";
			};
			name = Release;
		};
		18058AA2292E1C0C00EB41A9 /* Debug */ = {
			isa = XCBuildConfiguration;
			baseConfigurationReference = 3079BB8B0105089DD48F1FFF /* Pods-MintynChallengeTests.debug.xcconfig */;
			buildSettings = {
				ALWAYS_EMBED_SWIFT_STANDARD_LIBRARIES = YES;
				BUNDLE_LOADER = "$(TEST_HOST)";
				CODE_SIGN_STYLE = Automatic;
				CURRENT_PROJECT_VERSION = 1;
				DEVELOPMENT_TEAM = 77U4YHAY6F;
				GENERATE_INFOPLIST_FILE = YES;
				IPHONEOS_DEPLOYMENT_TARGET = 15.2;
				MARKETING_VERSION = 1.0;
				PRODUCT_BUNDLE_IDENTIFIER = com.Mintyn.MintynChallengeTests;
				PRODUCT_NAME = "$(TARGET_NAME)";
				SWIFT_EMIT_LOC_STRINGS = NO;
				SWIFT_VERSION = 5.0;
				TARGETED_DEVICE_FAMILY = "1,2";
				TEST_HOST = "$(BUILT_PRODUCTS_DIR)/MintynChallenge.app/MintynChallenge";
			};
			name = Debug;
		};
		18058AA3292E1C0C00EB41A9 /* Release */ = {
			isa = XCBuildConfiguration;
			baseConfigurationReference = 2C5A1FE4837F338C4843537D /* Pods-MintynChallengeTests.release.xcconfig */;
			buildSettings = {
				ALWAYS_EMBED_SWIFT_STANDARD_LIBRARIES = YES;
				BUNDLE_LOADER = "$(TEST_HOST)";
				CODE_SIGN_STYLE = Automatic;
				CURRENT_PROJECT_VERSION = 1;
				DEVELOPMENT_TEAM = 77U4YHAY6F;
				GENERATE_INFOPLIST_FILE = YES;
				IPHONEOS_DEPLOYMENT_TARGET = 15.2;
				MARKETING_VERSION = 1.0;
				PRODUCT_BUNDLE_IDENTIFIER = com.Mintyn.MintynChallengeTests;
				PRODUCT_NAME = "$(TARGET_NAME)";
				SWIFT_EMIT_LOC_STRINGS = NO;
				SWIFT_VERSION = 5.0;
				TARGETED_DEVICE_FAMILY = "1,2";
				TEST_HOST = "$(BUILT_PRODUCTS_DIR)/MintynChallenge.app/MintynChallenge";
			};
			name = Release;
		};
		18058AA5292E1C0C00EB41A9 /* Debug */ = {
			isa = XCBuildConfiguration;
			baseConfigurationReference = F6A2BA1930EE9BD60E3BE3F3 /* Pods-MintynChallenge-MintynChallengeUITests.debug.xcconfig */;
			buildSettings = {
				ALWAYS_EMBED_SWIFT_STANDARD_LIBRARIES = YES;
				CODE_SIGN_STYLE = Automatic;
				CURRENT_PROJECT_VERSION = 1;
				DEVELOPMENT_TEAM = 77U4YHAY6F;
				GENERATE_INFOPLIST_FILE = YES;
				MARKETING_VERSION = 1.0;
				PRODUCT_BUNDLE_IDENTIFIER = com.Mintyn.MintynChallengeUITests;
				PRODUCT_NAME = "$(TARGET_NAME)";
				SWIFT_EMIT_LOC_STRINGS = NO;
				SWIFT_VERSION = 5.0;
				TARGETED_DEVICE_FAMILY = "1,2";
				TEST_TARGET_NAME = MintynChallenge;
			};
			name = Debug;
		};
		18058AA6292E1C0C00EB41A9 /* Release */ = {
			isa = XCBuildConfiguration;
			baseConfigurationReference = DFC54E70D75A6E2C5DF7AC4E /* Pods-MintynChallenge-MintynChallengeUITests.release.xcconfig */;
			buildSettings = {
				ALWAYS_EMBED_SWIFT_STANDARD_LIBRARIES = YES;
				CODE_SIGN_STYLE = Automatic;
				CURRENT_PROJECT_VERSION = 1;
				DEVELOPMENT_TEAM = 77U4YHAY6F;
				GENERATE_INFOPLIST_FILE = YES;
				MARKETING_VERSION = 1.0;
				PRODUCT_BUNDLE_IDENTIFIER = com.Mintyn.MintynChallengeUITests;
				PRODUCT_NAME = "$(TARGET_NAME)";
				SWIFT_EMIT_LOC_STRINGS = NO;
				SWIFT_VERSION = 5.0;
				TARGETED_DEVICE_FAMILY = "1,2";
				TEST_TARGET_NAME = MintynChallenge;
			};
			name = Release;
		};
/* End XCBuildConfiguration section */

/* Begin XCConfigurationList section */
		18058A6F292E1C0100EB41A9 /* Build configuration list for PBXProject "MintynChallenge" */ = {
			isa = XCConfigurationList;
			buildConfigurations = (
				18058A9C292E1C0C00EB41A9 /* Debug */,
				18058A9D292E1C0C00EB41A9 /* Release */,
			);
			defaultConfigurationIsVisible = 0;
			defaultConfigurationName = Release;
		};
		18058A9E292E1C0C00EB41A9 /* Build configuration list for PBXNativeTarget "MintynChallenge" */ = {
			isa = XCConfigurationList;
			buildConfigurations = (
				18058A9F292E1C0C00EB41A9 /* Debug */,
				18058AA0292E1C0C00EB41A9 /* Release */,
			);
			defaultConfigurationIsVisible = 0;
			defaultConfigurationName = Release;
		};
		18058AA1292E1C0C00EB41A9 /* Build configuration list for PBXNativeTarget "MintynChallengeTests" */ = {
			isa = XCConfigurationList;
			buildConfigurations = (
				18058AA2292E1C0C00EB41A9 /* Debug */,
				18058AA3292E1C0C00EB41A9 /* Release */,
			);
			defaultConfigurationIsVisible = 0;
			defaultConfigurationName = Release;
		};
		18058AA4292E1C0C00EB41A9 /* Build configuration list for PBXNativeTarget "MintynChallengeUITests" */ = {
			isa = XCConfigurationList;
			buildConfigurations = (
				18058AA5292E1C0C00EB41A9 /* Debug */,
				18058AA6292E1C0C00EB41A9 /* Release */,
			);
			defaultConfigurationIsVisible = 0;
			defaultConfigurationName = Release;
		};
/* End XCConfigurationList section */
	};
	rootObject = 18058A6C292E1C0100EB41A9 /* Project object */;
}
